
Microsoft Visual Studio Solution File, Format Version 12.00
# Visual Studio 14
VisualStudioVersion = 14.0.25420.1
MinimumVisualStudioVersion = 10.0.40219.1
Project("{FAE04EC0-301F-11D3-BF4B-00C04F79EFBC}") = "l5", "l5\l5.csproj", "{F6AC1E5B-EAA9-42AD-AFB6-3EF403D30CB1}"
EndProject
Global
	GlobalSection(SolutionConfigurationPlatforms) = preSolution
		Debug|Any CPU = Debug|Any CPU
		Release|Any CPU = Release|Any CPU
	EndGlobalSection
	GlobalSection(ProjectConfigurationPlatforms) = postSolution
		{F6AC1E5B-EAA9-42AD-AFB6-3EF403D30CB1}.Debug|Any CPU.ActiveCfg = Debug|Any CPU
		{F6AC1E5B-EAA9-42AD-AFB6-3EF403D30CB1}.Debug|Any CPU.Build.0 = Debug|Any CPU
		{F6AC1E5B-EAA9-42AD-AFB6-3EF403D30CB1}.Release|Any CPU.ActiveCfg = Release|Any CPU
		{F6AC1E5B-EAA9-42AD-AFB6-3EF403D30CB1}.Release|Any CPU.Build.0 = Release|Any CPU
	EndGlobalSection
	GlobalSection(SolutionProperties) = preSolution
		HideSolutionNode = FALSE
	EndGlobalSection
EndGlobal
