
Microsoft Visual Studio Solution File, Format Version 12.00
# Visual Studio 14
VisualStudioVersion = 14.0.25420.1
MinimumVisualStudioVersion = 10.0.40219.1
Project("{FAE04EC0-301F-11D3-BF4B-00C04F79EFBC}") = "L5", "L5\L5.csproj", "{EEB7844B-AE25-43BA-AB1B-B7DE0D8A2763}"
EndProject
Global
	GlobalSection(SolutionConfigurationPlatforms) = preSolution
		Debug|Any CPU = Debug|Any CPU
		Release|Any CPU = Release|Any CPU
	EndGlobalSection
	GlobalSection(ProjectConfigurationPlatforms) = postSolution
		{EEB7844B-AE25-43BA-AB1B-B7DE0D8A2763}.Debug|Any CPU.ActiveCfg = Debug|Any CPU
		{EEB7844B-AE25-43BA-AB1B-B7DE0D8A2763}.Debug|Any CPU.Build.0 = Debug|Any CPU
		{EEB7844B-AE25-43BA-AB1B-B7DE0D8A2763}.Release|Any CPU.ActiveCfg = Release|Any CPU
		{EEB7844B-AE25-43BA-AB1B-B7DE0D8A2763}.Release|Any CPU.Build.0 = Release|Any CPU
	EndGlobalSection
	GlobalSection(SolutionProperties) = preSolution
		HideSolutionNode = FALSE
	EndGlobalSection
EndGlobal
